
Microsoft Visual Studio Solution File, Format Version 12.00
# Visual Studio Version 16
VisualStudioVersion = 16.0.810.6
MinimumVisualStudioVersion = 10.0.40219.1
Project("{FAE04EC0-301F-11D3-BF4B-00C04F79EFBC}") = "Lab13", "Lab13\Lab13.csproj", "{00AEC082-393B-41EC-8BF4-79D4E2D9423D}"
EndProject
Global
	GlobalSection(SolutionConfigurationPlatforms) = preSolution
		Debug|Any CPU = Debug|Any CPU
		Release|Any CPU = Release|Any CPU
	EndGlobalSection
	GlobalSection(ProjectConfigurationPlatforms) = postSolution
		{00AEC082-393B-41EC-8BF4-79D4E2D9423D}.Debug|Any CPU.ActiveCfg = Debug|Any CPU
		{00AEC082-393B-41EC-8BF4-79D4E2D9423D}.Debug|Any CPU.Build.0 = Debug|Any CPU
		{00AEC082-393B-41EC-8BF4-79D4E2D9423D}.Release|Any CPU.ActiveCfg = Release|Any CPU
		{00AEC082-393B-41EC-8BF4-79D4E2D9423D}.Release|Any CPU.Build.0 = Release|Any CPU
	EndGlobalSection
	GlobalSection(SolutionProperties) = preSolution
		HideSolutionNode = FALSE
	EndGlobalSection
	GlobalSection(ExtensibilityGlobals) = postSolution
		SolutionGuid = {ECF7B364-67D6-46E5-B9A3-CCFFA3DFCB0C}
	EndGlobalSection
EndGlobal
